github.com/Unknwon/com v0.0.0-20180617003950-da59b551951d h1:WIMjaJ5ijE467klV1corOvVBJ3wXCMUf6i88JRid0qI=
github.com/Unknwon/com v0.0.0-20180617003950-da59b551951d/go.mod h1:KYCjqMOeHpNuTOiFQU6WEcTG7poCJrUs0YgyHNtn1no=
github.com/dsnet/compress v0.0.0-20171208185109-cc9eb1d7ad76 h1:eX+pdPPlD279OWgdx7f6KqIRSONuK7egk+jDx7OM3Ac=
github.com/dsnet/compress v0.0.0-20171208185109-cc9eb1d7ad76/go.mod h1:KjxHHirfLaw19iGT70HvVjHQsL1vq1SRQB4yOsAfy2s=
github.com/golang/snappy v0.0.0-20180518054509-2e65f85255db h1:woRePGFeVFfLKN/pOkfl+p/TAqKOfFu+7KPlMVpok/w=
github.com/golang/snappy v0.0.0-20180518054509-2e65f85255db/go.mod h1:/XxbfmMg8lxefKM7IXC3fBNl/7bRcc72aCRzEWrmP2Q=
github.com/mattn/go-colorable v0.0.9 h1:UVL0vNpWh04HeJXV0KLcaT7r06gOH2l4OW6ddYRUIY4=
github.com/mattn/go-colorable v0.0.9/go.mod h1:9vuHe8Xs5qXnSaW/c/ABM9alt+Vo+STaOChaDxuIBZU=
github.com/mattn/go-isatty v0.0.4 h1:bnP0vzxcAdeI1zdubAl5PjU6zsERjGZb7raWodagDYs=
github.com/mattn/go-isatty v0.0.4/go.mod h1:M+lRXTBqGeGNdLjl/ufCoiOlB5xdOkqRJdNxMWT7Zi4=
github.com/mholt/archiver v2.1.0+incompatible h1:1ivm7KAHPtPere1YDOdrY6xGdbMNGRWThZbYh5lWZT0=
github.com/mholt/archiver v2.1.0+incompatible/go.mod h1:Dh2dOXnSdiLxRiPoVfIr/fI1TwETms9B8CTWfeh7ROU=
github.com/nwaples/rardecode v0.0.0-20171029023500-e06696f847ae h1:UF9xsJn7AeQ72TCus3eRO1lh08Id3AoF37vl+qigL/w=
github.com/nwaples/rardecode v0.0.0-20171029023500-e06696f847ae/go.mod h1:5DzqNKiOdpKKBH87u8VlvAnPZMXcGRhxWkRpHbbfGS0=
github.com/pierrec/lz4 v2.0.5+incompatible h1:2xWsjqPFWcplujydGg4WmhC/6fZqK42wMM8aXeqhl0I=
github.com/pierrec/lz4 v2.0.5+incompatible/go.mod h1:pdkljMzZIN41W+lC3N2tnIh5sFi+IEE17M5jbnwPHcY=
github.com/ulikunitz/xz v0.5.4 h1:zATC2OoZ8H1TZll3FpbX+ikwmadbO699PE06cIkm9oU=
github.com/ulikunitz/xz v0.5.4/go.mod h1:2bypXElzHzzJZwzH67Y6wb67pO62Rzfn7BSiF4ABRW8=
golang.org/x/sys v0.0.0-20180925112736-b09afc3d579e h1:LSlw/Dbj0MkNvPYAAkGinYmGliq+aqS7eKPYlE4oWC4=
golang.org/x/sys v0.0.0-20180925112736-b09afc3d579e/go.mod h1:STP8DvDyc/dI5b8T5hshtkjS+E42TnysNCUPdjciGhY=
gopkg.in/VividCortex/ewma.v1 v1.1.1 h1:tWHEKkKq802K/JT9RiqGCBU5fW3raAPnJGTE9ostZvg=
gopkg.in/VividCortex/ewma.v1 v1.1.1/go.mod h1:TekXuFipeiHWiAlO1+wSS23vTcyFau5u3rxXUSXj710=
gopkg.in/check.v1 v0.0.0-20161208181325-20d25e280405/go.mod h1:Co6ibVJAznAaIkqp8huTwlJQCZ016jof/cbN4VW5Yz0=
gopkg.in/cheggaaa/pb.v2 v2.0.6 h1:L2KAo2l2ZQTzxmh8b9RdQpzgLpK2mX3paGCMJSUugBk=
gopkg.in/cheggaaa/pb.v2 v2.0.6/go.mod h1:0CiZ1p8pvtxBlQpLXkHuUTpdJ1shm3OqCF1QugkjHL4=
gopkg.in/fatih/color.v1 v1.7.0 h1:bYGjb+HezBM6j/QmgBfgm1adxHpzzrss6bj4r9ROppk=
gopkg.in/fatih/color.v1 v1.7.0/go.mod h1:P7yosIhqIl/sX8J8UypY5M+dDpD2KmyfP5IRs5v/fo0=
gopkg.in/mattn/go-colorable.v0 v0.0.9 h1:hdmPK5LuJJJH1MRy2o35WJEtn2BlFmHOZEqMqlRCwdM=
gopkg.in/mattn/go-colorable.v0 v0.0.9/go.mod h1:BVJlBXzARQxdi3nZo6f6bnl5yR20/tOL6p+V0KejgSY=
gopkg.in/mattn/go-isatty.v0 v0.0.4 h1:NtS1rQGQr4IaFWBGz4Cz4BhB///gyys4gDVtKA7hIsc=
gopkg.in/mattn/go-isatty.v0 v0.0.4/go.mod h1:wt691ab7g0X4ilKZNmMII3egK0bTxl37fEn/Fwbd8gc=
gopkg.in/mattn/go-runewidth.v0 v0.0.3 h1:cXMwTrrtdbCi1moCIZo5RXtWN0e7bkiV1oFq3gk4Qng=
gopkg.in/mattn/go-runewidth.v0 v0.0.3/go.mod h1:BmXejnxvhwdaATwiJbB1vZ2dtXkQKZGu9yLFCZb4msQ=
gopkg.in/yaml.v2 v2.2.1 h1:mUhvW9EsL+naU5Q3cakzfE91YhliOondGd6ZrsDBHQE=
gopkg.in/yaml.v2 v2.2.1/go.mod h1:hI93XBmqTisBFMUTm0b8Fm+jr3Dg1NNxqwp+5A1VGuI=
